
Microsoft Visual Studio Solution File, Format Version 12.00
# Visual Studio Version 16
VisualStudioVersion = 16.0.31005.135
MinimumVisualStudioVersion = 10.0.40219.1
Project("{FAE04EC0-301F-11D3-BF4B-00C04F79EFBC}") = "WebApplication1", "WebApplication1\WebApplication1.csproj", "{ACD34986-52D3-44AD-B689-0AFE41D93BF6}"
EndProject
Global
	GlobalSection(SolutionConfigurationPlatforms) = preSolution
		Debug|Any CPU = Debug|Any CPU
		Release|Any CPU = Release|Any CPU
	EndGlobalSection
	GlobalSection(ProjectConfigurationPlatforms) = postSolution
		{ACD34986-52D3-44AD-B689-0AFE41D93BF6}.Debug|Any CPU.ActiveCfg = Debug|Any CPU
		{ACD34986-52D3-44AD-B689-0AFE41D93BF6}.Debug|Any CPU.Build.0 = Debug|Any CPU
		{ACD34986-52D3-44AD-B689-0AFE41D93BF6}.Release|Any CPU.ActiveCfg = Release|Any CPU
		{ACD34986-52D3-44AD-B689-0AFE41D93BF6}.Release|Any CPU.Build.0 = Release|Any CPU
	EndGlobalSection
	GlobalSection(SolutionProperties) = preSolution
		HideSolutionNode = FALSE
	EndGlobalSection
	GlobalSection(ExtensibilityGlobals) = postSolution
		SolutionGuid = {DE34DD11-B55A-496B-8888-2F74FB6DF1C9}
	EndGlobalSection
EndGlobal
